lockfileVersion: '9.0'

settings:
  autoInstallPeers: true
  excludeLinksFromLockfile: false

importers:

  .:
    dependencies:
      '@mdx-js/react':
        specifier: 3.1.0
        version: 3.1.0(@types/react@18.2.79)(react@18.2.0)
    devDependencies:
      typescript:
        specifier: 5.7.3
        version: 5.7.3

packages:

  '@mdx-js/react@3.1.0':
    resolution: {integrity: sha512-QjHtSaoameoalGnKDT3FoIl4+9RwyTmo9ZJGBdLOks/YOiWHoRDI3PUwEzOE7kEmGcV3AFcp9K6dYu9rEuKLAQ==}
    peerDependencies:
      '@types/react': '>=16'
      react: '>=16'

  '@types/mdx@2.0.13':
    resolution: {integrity: sha512-+OWZQfAYyio6YkJb3HLxDrvnx6SWWDbC0zVPfBRzUk0/nqoDyf6dNxQi3eArPe8rJ473nobTMQ/8Zk+LxJ+Yuw==}

  '@types/prop-types@15.7.12':
    resolution: {integrity: sha512-5zvhXYtRNRluoE/jAp4GVsSduVUzNWKkOZrCDBWYtE7biZywwdC2AcEzg+cSMLFRfVgeAFqpfNabiPjxFddV1Q==}

  '@types/react@18.2.79':
    resolution: {integrity: sha512-RwGAGXPl9kSXwdNTafkOEuFrTBD5SA2B3iEB96xi8+xu5ddUa/cpvyVCSNn+asgLCTHkb5ZxN8gbuibYJi4s1w==}

  csstype@3.1.3:
    resolution: {integrity: sha512-M1uQkMl8rQK/szD0LNhtqxIPLpimGm8sOBwU7lLnCpSbTyY3yeU1Vc7l4KT5zT4s/yOxHH5O7tIuuLOCnLADRw==}

  js-tokens@4.0.0:
    resolution: {integrity: sha512-RdJUflcE3cUzKiMqQgsCu06FPu9UdIJO0beYbPhHN4k6apgJtifcoCtT9bcxOpYBtpD2kCM6Sbzg4CausW/PKQ==}

  loose-envify@1.4.0:
    resolution: {integrity: sha512-lyuxPGr/Wfhrlem2CL/UcnUc1zcqKAImBDzukY7Y5F/yQiNdko6+fRLevlw1HgMySw7f611UIY408EtxRSoK3Q==}
    hasBin: true

  react@18.2.0:
    resolution: {integrity: sha512-/3IjMdb2L9QbBdWiW5e3P2/npwMBaU9mHCSCUzNln0ZCYbcfTsGbTJrU/kGemdH2IWmB2ioZ+zkxtmq6g09fGQ==}
    engines: {node: '>=0.10.0'}

  typescript@5.7.3:
    resolution: {integrity: sha512-84MVSjMEHP+FQRPy3pX9sTVV/INIex71s9TL2Gm5FG/WG1SqXeKyZ0k7/blY/4FdOzI12CBy1vGc4og/eus0fw==}
    engines: {node: '>=14.17'}
    hasBin: true

snapshots:

  '@mdx-js/react@3.1.0(@types/react@18.2.79)(react@18.2.0)':
    dependencies:
      '@types/mdx': 2.0.13
      '@types/react': 18.2.79
      react: 18.2.0

  '@types/mdx@2.0.13': {}

  '@types/prop-types@15.7.12': {}

  '@types/react@18.2.79':
    dependencies:
      '@types/prop-types': 15.7.12
      csstype: 3.1.3

  csstype@3.1.3: {}

  js-tokens@4.0.0: {}

  loose-envify@1.4.0:
    dependencies:
      js-tokens: 4.0.0

  react@18.2.0:
    dependencies:
      loose-envify: 1.4.0

  typescript@5.7.3: {}
